
Microsoft Visual Studio Solution File, Format Version 12.00
# Visual Studio Version 16
VisualStudioVersion = 16.0.31729.503
MinimumVisualStudioVersion = 10.0.40219.1
Project("{FAE04EC0-301F-11D3-BF4B-00C04F79EFBC}") = "MovieTheaterApp", "MovieTheaterApp\MovieTheaterApp.csproj", "{94C6B595-6EF0-4FCC-A0B2-277F22E7185E}"
EndProject
Global
	GlobalSection(SolutionConfigurationPlatforms) = preSolution
		Debug|Any CPU = Debug|Any CPU
		Release|Any CPU = Release|Any CPU
	EndGlobalSection
	GlobalSection(ProjectConfigurationPlatforms) = postSolution
		{94C6B595-6EF0-4FCC-A0B2-277F22E7185E}.Debug|Any CPU.ActiveCfg = Debug|Any CPU
		{94C6B595-6EF0-4FCC-A0B2-277F22E7185E}.Debug|Any CPU.Build.0 = Debug|Any CPU
		{94C6B595-6EF0-4FCC-A0B2-277F22E7185E}.Release|Any CPU.ActiveCfg = Release|Any CPU
		{94C6B595-6EF0-4FCC-A0B2-277F22E7185E}.Release|Any CPU.Build.0 = Release|Any CPU
	EndGlobalSection
	GlobalSection(SolutionProperties) = preSolution
		HideSolutionNode = FALSE
	EndGlobalSection
	GlobalSection(ExtensibilityGlobals) = postSolution
		SolutionGuid = {F6DF48AC-DC5A-404C-88E0-4318E0058B24}
	EndGlobalSection
EndGlobal
